
Microsoft Visual Studio Solution File, Format Version 11.00
# Visual Studio 2010
Project("{F2A71F9B-5D33-465A-A702-920D77279786}") = "EasyFQ", "EasyFQ\EasyFQ.fsproj", "{37C40659-0087-4F5B-BF32-3D31F1615200}"
EndProject
Project("{2150E333-8FDC-42A3-9474-1A3956D46DE8}") = "Solution Items", "Solution Items", "{4C9813AB-DC62-4513-AF16-ACD0FF8D9D5F}"
	ProjectSection(SolutionItems) = preProject
		license.txt = license.txt
		readme.md = readme.md
	EndProjectSection
EndProject
Global
	GlobalSection(SolutionConfigurationPlatforms) = preSolution
		Debug|Any CPU = Debug|Any CPU
		Release|Any CPU = Release|Any CPU
	EndGlobalSection
	GlobalSection(ProjectConfigurationPlatforms) = postSolution
		{37C40659-0087-4F5B-BF32-3D31F1615200}.Debug|Any CPU.ActiveCfg = Debug|Any CPU
		{37C40659-0087-4F5B-BF32-3D31F1615200}.Debug|Any CPU.Build.0 = Debug|Any CPU
		{37C40659-0087-4F5B-BF32-3D31F1615200}.Release|Any CPU.ActiveCfg = Release|Any CPU
		{37C40659-0087-4F5B-BF32-3D31F1615200}.Release|Any CPU.Build.0 = Release|Any CPU
	EndGlobalSection
	GlobalSection(SolutionProperties) = preSolution
		HideSolutionNode = FALSE
	EndGlobalSection
EndGlobal
